
Microsoft Visual Studio Solution File, Format Version 12.00
# Visual Studio 15
VisualStudioVersion = 15.0.27428.2005
MinimumVisualStudioVersion = 10.0.40219.1
Project("{FAE04EC0-301F-11D3-BF4B-00C04F79EFBC}") = "TestyRawa", "TestyRawa\TestyRawa.csproj", "{3A937151-4A81-4CE4-A326-88C2D28D163B}"
EndProject
Global
	GlobalSection(SolutionConfigurationPlatforms) = preSolution
		Debug|Any CPU = Debug|Any CPU
		Release|Any CPU = Release|Any CPU
	EndGlobalSection
	GlobalSection(ProjectConfigurationPlatforms) = postSolution
		{3A937151-4A81-4CE4-A326-88C2D28D163B}.Debug|Any CPU.ActiveCfg = Debug|Any CPU
		{3A937151-4A81-4CE4-A326-88C2D28D163B}.Debug|Any CPU.Build.0 = Debug|Any CPU
		{3A937151-4A81-4CE4-A326-88C2D28D163B}.Release|Any CPU.ActiveCfg = Release|Any CPU
		{3A937151-4A81-4CE4-A326-88C2D28D163B}.Release|Any CPU.Build.0 = Release|Any CPU
	EndGlobalSection
	GlobalSection(SolutionProperties) = preSolution
		HideSolutionNode = FALSE
	EndGlobalSection
	GlobalSection(ExtensibilityGlobals) = postSolution
		SolutionGuid = {38D364D5-CD3A-4ED4-A27E-3AF1CD350D22}
	EndGlobalSection
EndGlobal
